<?xml version="1.0" encoding="utf-8"?>
<Project ToolsVersion="4.0" xmlns="http://schemas.microsoft.com/developer/msbuild/2003">
  <ItemGroup>
    <Filter Include="Исходные файлы">
      <UniqueIdentifier>{4FC737F1-C7A5-4376-A066-2A32D752A2FF}</UniqueIdentifier>
      <Extensions>cpp;c;cc;cxx;c++;def;odl;idl;hpj;bat;asm;asmx</Extensions>
    </Filter>
    <Filter Include="Файлы заголовков">
      <UniqueIdentifier>{93995380-89BD-4b04-88EB-625FBE52EBFB}</UniqueIdentifier>
      <Extensions>h;hh;hpp;hxx;h++;hm;inl;inc;ipp;xsd</Extensions>
    </Filter>
    <Filter Include="Файлы ресурсов">
      <UniqueIdentifier>{67DA6AB6-F800-4c08-8B7A-83BB121AAD01}</UniqueIdentifier>
      <Extensions>rc;ico;cur;bmp;dlg;rc2;rct;bin;rgs;gif;jpg;jpeg;jpe;resx;tiff;tif;png;wav;mfcribbon-ms</Extensions>
    </Filter>
  </ItemGroup>
  <ItemGroup>
    <ClInclude Include="include.hpp">
      <Filter>Файлы заголовков</Filter>
    </ClInclude>
    <ClInclude Include="frontend\pages\auth.hpp">
      <Filter>Файлы заголовков</Filter>
    </ClInclude>
    <ClInclude Include="frontend\pages\inject.hpp">
      <Filter>Файлы заголовков</Filter>
    </ClInclude>
    <ClInclude Include="backend\api\api.hpp">
      <Filter>Файлы заголовков</Filter>
    </ClInclude>
    <ClInclude Include="backend\json\json.hpp">
      <Filter>Файлы заголовков</Filter>
    </ClInclude>
    <ClInclude Include="backend\curl\include\curl\curl.h">
      <Filter>Файлы заголовков</Filter>
    </ClInclude>
    <ClInclude Include="backend\curl\include\curl\curlbuild.h">
      <Filter>Файлы заголовков</Filter>
    </ClInclude>
    <ClInclude Include="backend\curl\include\curl\curlrules.h">
      <Filter>Файлы заголовков</Filter>
    </ClInclude>
    <ClInclude Include="backend\curl\include\curl\curlver.h">
      <Filter>Файлы заголовков</Filter>
    </ClInclude>
    <ClInclude Include="backend\curl\include\curl\easy.h">
      <Filter>Файлы заголовков</Filter>
    </ClInclude>
    <ClInclude Include="backend\curl\include\curl\mprintf.h">
      <Filter>Файлы заголовков</Filter>
    </ClInclude>
    <ClInclude Include="backend\curl\include\curl\multi.h">
      <Filter>Файлы заголовков</Filter>
    </ClInclude>
    <ClInclude Include="backend\curl\include\curl\stdcheaders.h">
      <Filter>Файлы заголовков</Filter>
    </ClInclude>
    <ClInclude Include="backend\curl\include\curl\system.h">
      <Filter>Файлы заголовков</Filter>
    </ClInclude>
    <ClInclude Include="backend\curl\include\curl\typecheck-gcc.h">
      <Filter>Файлы заголовков</Filter>
    </ClInclude>
    <ClInclude Include="backend\curl\include\curl\urlapi.h">
      <Filter>Файлы заголовков</Filter>
    </ClInclude>
    <ClInclude Include="backend\hwid\hwid.hpp">
      <Filter>Файлы заголовков</Filter>
    </ClInclude>
    <ClInclude Include="backend\api\writers.hpp">
      <Filter>Файлы заголовков</Filter>
    </ClInclude>
  </ItemGroup>
  <ItemGroup>
    <ClCompile Include="frontend\main.cpp">
      <Filter>Исходные файлы</Filter>
    </ClCompile>
    <ClCompile Include="backend\api\api.cpp">
      <Filter>Исходные файлы</Filter>
    </ClCompile>
    <ClCompile Include="backend\hwid\hwid.cpp">
      <Filter>Исходные файлы</Filter>
    </ClCompile>
  </ItemGroup>
  <ItemGroup>
    <Library Include="backend\curl\lib\libcurl_a32.lib" />
  </ItemGroup>
</Project>